
Microsoft Visual Studio Solution File, Format Version 12.00
# Visual Studio Version 16
VisualStudioVersion = 16.0.31729.503
MinimumVisualStudioVersion = 10.0.40219.1
Project("{FAE04EC0-301F-11D3-BF4B-00C04F79EFBC}") = "SOAReport", "SOAReport\SOAReport.csproj", "{49F3B0DD-51C6-414A-A501-582BC7FA5179}"
EndProject
Global
	GlobalSection(SolutionConfigurationPlatforms) = preSolution
		Debug|Any CPU = Debug|Any CPU
		Release|Any CPU = Release|Any CPU
	EndGlobalSection
	GlobalSection(ProjectConfigurationPlatforms) = postSolution
		{49F3B0DD-51C6-414A-A501-582BC7FA5179}.Debug|Any CPU.ActiveCfg = Debug|Any CPU
		{49F3B0DD-51C6-414A-A501-582BC7FA5179}.Debug|Any CPU.Build.0 = Debug|Any CPU
		{49F3B0DD-51C6-414A-A501-582BC7FA5179}.Release|Any CPU.ActiveCfg = Release|Any CPU
		{49F3B0DD-51C6-414A-A501-582BC7FA5179}.Release|Any CPU.Build.0 = Release|Any CPU
	EndGlobalSection
	GlobalSection(SolutionProperties) = preSolution
		HideSolutionNode = FALSE
	EndGlobalSection
	GlobalSection(ExtensibilityGlobals) = postSolution
		SolutionGuid = {839D8DE0-B684-44E6-B41C-E6675E134D02}
	EndGlobalSection
EndGlobal
